dependencies:
  idf:
    source:
      type: idf
    version: 5.5.0
  joltwallet/littlefs:
    component_hash: 8e12955f47e27e6070b76715a96d6c75fc2b44f069e8c33679332d9bdd3120c4
    dependencies:
    - name: idf
      require: private
      version: '>=5.0'
    source:
      registry_url: https://components.espressif.com/
      type: service
    version: 1.20.1
direct_dependencies:
- idf
- joltwallet/littlefs
manifest_hash: d6cd4218bba9a2cf12b9982fe394eb0e2535b13852ac2af4a1341d22f58fb618
target: esp32
version: 2.0.0
